
Microsoft Visual Studio Solution File, Format Version 12.00
# Visual Studio Version 16
VisualStudioVersion = 16.0.29326.143
MinimumVisualStudioVersion = 10.0.40219.1
Project("{FAE04EC0-301F-11D3-BF4B-00C04F79EFBC}") = "WindowsFormsApp7", "WindowsFormsApp7.csproj", "{E84DE1E8-537E-4766-AF6B-E0C45A100495}"
EndProject
Global
	GlobalSection(SolutionConfigurationPlatforms) = preSolution
		Debug|Any CPU = Debug|Any CPU
		Release|Any CPU = Release|Any CPU
	EndGlobalSection
	GlobalSection(ProjectConfigurationPlatforms) = postSolution
		{E84DE1E8-537E-4766-AF6B-E0C45A100495}.Debug|Any CPU.ActiveCfg = Debug|Any CPU
		{E84DE1E8-537E-4766-AF6B-E0C45A100495}.Debug|Any CPU.Build.0 = Debug|Any CPU
		{E84DE1E8-537E-4766-AF6B-E0C45A100495}.Release|Any CPU.ActiveCfg = Release|Any CPU
		{E84DE1E8-537E-4766-AF6B-E0C45A100495}.Release|Any CPU.Build.0 = Release|Any CPU
	EndGlobalSection
	GlobalSection(SolutionProperties) = preSolution
		HideSolutionNode = FALSE
	EndGlobalSection
	GlobalSection(ExtensibilityGlobals) = postSolution
		SolutionGuid = {976B7FB7-2C94-4041-BEF7-F3A5C7C5DBEB}
	EndGlobalSection
EndGlobal
